
Microsoft Visual Studio Solution File, Format Version 12.00
# Visual Studio Version 17
VisualStudioVersion = 17.0.31903.59
MinimumVisualStudioVersion = 10.0.40219.1
Project("{FAE04EC0-301F-11D3-BF4B-00C04F79EFBC}") = "ConsoleApp17.1", "ConsoleApp17.1.csproj", "{A596E1C6-6DC1-417D-B0A3-B16492337B80}"
EndProject
Global
	GlobalSection(SolutionConfigurationPlatforms) = preSolution
		Debug|Any CPU = Debug|Any CPU
		Release|Any CPU = Release|Any CPU
	EndGlobalSection
	GlobalSection(ProjectConfigurationPlatforms) = postSolution
		{A596E1C6-6DC1-417D-B0A3-B16492337B80}.Debug|Any CPU.ActiveCfg = Debug|Any CPU
		{A596E1C6-6DC1-417D-B0A3-B16492337B80}.Debug|Any CPU.Build.0 = Debug|Any CPU
		{A596E1C6-6DC1-417D-B0A3-B16492337B80}.Release|Any CPU.ActiveCfg = Release|Any CPU
		{A596E1C6-6DC1-417D-B0A3-B16492337B80}.Release|Any CPU.Build.0 = Release|Any CPU
	EndGlobalSection
	GlobalSection(SolutionProperties) = preSolution
		HideSolutionNode = FALSE
	EndGlobalSection
	GlobalSection(ExtensibilityGlobals) = postSolution
		SolutionGuid = {2F9095D6-F98F-41BC-A9DE-E9D766A5EA33}
	EndGlobalSection
EndGlobal
